
Microsoft Visual Studio Solution File, Format Version 12.00
# Visual Studio Version 17
VisualStudioVersion = 17.5.33516.290
MinimumVisualStudioVersion = 10.0.40219.1
Project("{FAE04EC0-301F-11D3-BF4B-00C04F79EFBC}") = "dasha", "dasha\dasha.csproj", "{96A1A68A-A2E9-4C8F-9C76-D71222621438}"
EndProject
Global
	GlobalSection(SolutionConfigurationPlatforms) = preSolution
		Debug|Any CPU = Debug|Any CPU
		Release|Any CPU = Release|Any CPU
	EndGlobalSection
	GlobalSection(ProjectConfigurationPlatforms) = postSolution
		{96A1A68A-A2E9-4C8F-9C76-D71222621438}.Debug|Any CPU.ActiveCfg = Debug|Any CPU
		{96A1A68A-A2E9-4C8F-9C76-D71222621438}.Debug|Any CPU.Build.0 = Debug|Any CPU
		{96A1A68A-A2E9-4C8F-9C76-D71222621438}.Release|Any CPU.ActiveCfg = Release|Any CPU
		{96A1A68A-A2E9-4C8F-9C76-D71222621438}.Release|Any CPU.Build.0 = Release|Any CPU
	EndGlobalSection
	GlobalSection(SolutionProperties) = preSolution
		HideSolutionNode = FALSE
	EndGlobalSection
	GlobalSection(ExtensibilityGlobals) = postSolution
		SolutionGuid = {BD60D62F-E87D-46F5-ABF8-5B21D4C20829}
	EndGlobalSection
EndGlobal
